
Microsoft Visual Studio Solution File, Format Version 12.00
# Visual Studio Version 16
VisualStudioVersion = 16.0.30711.63
MinimumVisualStudioVersion = 10.0.40219.1
Project("{FAE04EC0-301F-11D3-BF4B-00C04F79EFBC}") = "ProgrammersAlgorithmTest", "ProgrammersAlgorithmTest\ProgrammersAlgorithmTest.csproj", "{8AC4AF14-3654-43E9-BDA9-BA7FC9E2E391}"
EndProject
Global
	GlobalSection(SolutionConfigurationPlatforms) = preSolution
		Debug|Any CPU = Debug|Any CPU
		Release|Any CPU = Release|Any CPU
	EndGlobalSection
	GlobalSection(ProjectConfigurationPlatforms) = postSolution
		{8AC4AF14-3654-43E9-BDA9-BA7FC9E2E391}.Debug|Any CPU.ActiveCfg = Debug|Any CPU
		{8AC4AF14-3654-43E9-BDA9-BA7FC9E2E391}.Debug|Any CPU.Build.0 = Debug|Any CPU
		{8AC4AF14-3654-43E9-BDA9-BA7FC9E2E391}.Release|Any CPU.ActiveCfg = Release|Any CPU
		{8AC4AF14-3654-43E9-BDA9-BA7FC9E2E391}.Release|Any CPU.Build.0 = Release|Any CPU
	EndGlobalSection
	GlobalSection(SolutionProperties) = preSolution
		HideSolutionNode = FALSE
	EndGlobalSection
	GlobalSection(ExtensibilityGlobals) = postSolution
		SolutionGuid = {EFB106CF-FBB8-4EBA-AFB4-40E7638ACF90}
	EndGlobalSection
EndGlobal
